
Microsoft Visual Studio Solution File, Format Version 12.00
# Visual Studio Version 17
VisualStudioVersion = 17.8.34525.116
MinimumVisualStudioVersion = 10.0.40219.1
Project("{FAE04EC0-301F-11D3-BF4B-00C04F79EFBC}") = "Lab1", "Lab1\Lab1.csproj", "{EBE82B86-07B1-45E5-94A6-7B589A4F7837}"
EndProject
Global
	GlobalSection(SolutionConfigurationPlatforms) = preSolution
		Debug|Any CPU = Debug|Any CPU
		Release|Any CPU = Release|Any CPU
	EndGlobalSection
	GlobalSection(ProjectConfigurationPlatforms) = postSolution
		{EBE82B86-07B1-45E5-94A6-7B589A4F7837}.Debug|Any CPU.ActiveCfg = Debug|Any CPU
		{EBE82B86-07B1-45E5-94A6-7B589A4F7837}.Debug|Any CPU.Build.0 = Debug|Any CPU
		{EBE82B86-07B1-45E5-94A6-7B589A4F7837}.Release|Any CPU.ActiveCfg = Release|Any CPU
		{EBE82B86-07B1-45E5-94A6-7B589A4F7837}.Release|Any CPU.Build.0 = Release|Any CPU
	EndGlobalSection
	GlobalSection(SolutionProperties) = preSolution
		HideSolutionNode = FALSE
	EndGlobalSection
	GlobalSection(ExtensibilityGlobals) = postSolution
		SolutionGuid = {3F5F89F5-0470-429A-98C5-904F63A42AF1}
	EndGlobalSection
EndGlobal
